
Microsoft Visual Studio Solution File, Format Version 12.00
# Visual Studio Version 17
VisualStudioVersion = 17.5.33516.290
MinimumVisualStudioVersion = 10.0.40219.1
Project("{FAE04EC0-301F-11D3-BF4B-00C04F79EFBC}") = "Server", "Server\Server.csproj", "{E5BEAD82-AB0C-46C5-9240-AB3B5C8ACC89}"
EndProject
Project("{FAE04EC0-301F-11D3-BF4B-00C04F79EFBC}") = "Client", "Client\Client.csproj", "{5BB708BC-3F5A-4594-80D9-E6AC7A992150}"
EndProject
Project("{FAE04EC0-301F-11D3-BF4B-00C04F79EFBC}") = "Common", "Common\Common.csproj", "{34C2C4E7-5093-4D7D-A3EC-ED2BB6F70AE3}"
EndProject
Project("{FAE04EC0-301F-11D3-BF4B-00C04F79EFBC}") = "Storage", "Storage\Storage.csproj", "{B268177B-AA5B-41D2-A36D-FB899CA9388C}"
EndProject
Global
	GlobalSection(SolutionConfigurationPlatforms) = preSolution
		Debug|Any CPU = Debug|Any CPU
		Release|Any CPU = Release|Any CPU
	EndGlobalSection
	GlobalSection(ProjectConfigurationPlatforms) = postSolution
		{E5BEAD82-AB0C-46C5-9240-AB3B5C8ACC89}.Debug|Any CPU.ActiveCfg = Debug|Any CPU
		{E5BEAD82-AB0C-46C5-9240-AB3B5C8ACC89}.Debug|Any CPU.Build.0 = Debug|Any CPU
		{E5BEAD82-AB0C-46C5-9240-AB3B5C8ACC89}.Release|Any CPU.ActiveCfg = Release|Any CPU
		{E5BEAD82-AB0C-46C5-9240-AB3B5C8ACC89}.Release|Any CPU.Build.0 = Release|Any CPU
		{5BB708BC-3F5A-4594-80D9-E6AC7A992150}.Debug|Any CPU.ActiveCfg = Debug|Any CPU
		{5BB708BC-3F5A-4594-80D9-E6AC7A992150}.Debug|Any CPU.Build.0 = Debug|Any CPU
		{5BB708BC-3F5A-4594-80D9-E6AC7A992150}.Release|Any CPU.ActiveCfg = Release|Any CPU
		{5BB708BC-3F5A-4594-80D9-E6AC7A992150}.Release|Any CPU.Build.0 = Release|Any CPU
		{34C2C4E7-5093-4D7D-A3EC-ED2BB6F70AE3}.Debug|Any CPU.ActiveCfg = Debug|Any CPU
		{34C2C4E7-5093-4D7D-A3EC-ED2BB6F70AE3}.Debug|Any CPU.Build.0 = Debug|Any CPU
		{34C2C4E7-5093-4D7D-A3EC-ED2BB6F70AE3}.Release|Any CPU.ActiveCfg = Release|Any CPU
		{34C2C4E7-5093-4D7D-A3EC-ED2BB6F70AE3}.Release|Any CPU.Build.0 = Release|Any CPU
		{B268177B-AA5B-41D2-A36D-FB899CA9388C}.Debug|Any CPU.ActiveCfg = Debug|Any CPU
		{B268177B-AA5B-41D2-A36D-FB899CA9388C}.Debug|Any CPU.Build.0 = Debug|Any CPU
		{B268177B-AA5B-41D2-A36D-FB899CA9388C}.Release|Any CPU.ActiveCfg = Release|Any CPU
		{B268177B-AA5B-41D2-A36D-FB899CA9388C}.Release|Any CPU.Build.0 = Release|Any CPU
	EndGlobalSection
	GlobalSection(SolutionProperties) = preSolution
		HideSolutionNode = FALSE
	EndGlobalSection
	GlobalSection(ExtensibilityGlobals) = postSolution
		SolutionGuid = {8E2F15F7-A591-49DA-BDB4-6593107117B6}
	EndGlobalSection
EndGlobal
